
Microsoft Visual Studio Solution File, Format Version 12.00
# Visual Studio Version 17
VisualStudioVersion = 17.2.32602.215
MinimumVisualStudioVersion = 10.0.40219.1
Project("{8BC9CEB8-8B4A-11D0-8D11-00A0C91BC942}") = "Exercise3", "Exercise3.vcxproj", "{907B5789-DBF1-4721-A5AB-2BBA1A6FF931}"
EndProject
Global
	GlobalSection(SolutionConfigurationPlatforms) = preSolution
		Debug|x64 = Debug|x64
		Debug|x86 = Debug|x86
		Release|x64 = Release|x64
		Release|x86 = Release|x86
	EndGlobalSection
	GlobalSection(ProjectConfigurationPlatforms) = postSolution
		{907B5789-DBF1-4721-A5AB-2BBA1A6FF931}.Debug|x64.ActiveCfg = Debug|x64
		{907B5789-DBF1-4721-A5AB-2BBA1A6FF931}.Debug|x64.Build.0 = Debug|x64
		{907B5789-DBF1-4721-A5AB-2BBA1A6FF931}.Debug|x86.ActiveCfg = Debug|Win32
		{907B5789-DBF1-4721-A5AB-2BBA1A6FF931}.Debug|x86.Build.0 = Debug|Win32
		{907B5789-DBF1-4721-A5AB-2BBA1A6FF931}.Release|x64.ActiveCfg = Release|x64
		{907B5789-DBF1-4721-A5AB-2BBA1A6FF931}.Release|x64.Build.0 = Release|x64
		{907B5789-DBF1-4721-A5AB-2BBA1A6FF931}.Release|x86.ActiveCfg = Release|Win32
		{907B5789-DBF1-4721-A5AB-2BBA1A6FF931}.Release|x86.Build.0 = Release|Win32
	EndGlobalSection
	GlobalSection(SolutionProperties) = preSolution
		HideSolutionNode = FALSE
	EndGlobalSection
	GlobalSection(ExtensibilityGlobals) = postSolution
		SolutionGuid = {99A58E11-9A48-48F1-A7B4-7AD73C264212}
	EndGlobalSection
EndGlobal
