
Microsoft Visual Studio Solution File, Format Version 12.00
# Visual Studio Version 17
VisualStudioVersion = 17.2.32602.215
MinimumVisualStudioVersion = 10.0.40219.1
Project("{8BC9CEB8-8B4A-11D0-8D11-00A0C91BC942}") = "Exercise2", "Exercise2.vcxproj", "{7F6A7888-0093-43DF-9477-9A5D08C746DA}"
EndProject
Global
	GlobalSection(SolutionConfigurationPlatforms) = preSolution
		Debug|x64 = Debug|x64
		Debug|x86 = Debug|x86
		Release|x64 = Release|x64
		Release|x86 = Release|x86
	EndGlobalSection
	GlobalSection(ProjectConfigurationPlatforms) = postSolution
		{7F6A7888-0093-43DF-9477-9A5D08C746DA}.Debug|x64.ActiveCfg = Debug|x64
		{7F6A7888-0093-43DF-9477-9A5D08C746DA}.Debug|x64.Build.0 = Debug|x64
		{7F6A7888-0093-43DF-9477-9A5D08C746DA}.Debug|x86.ActiveCfg = Debug|Win32
		{7F6A7888-0093-43DF-9477-9A5D08C746DA}.Debug|x86.Build.0 = Debug|Win32
		{7F6A7888-0093-43DF-9477-9A5D08C746DA}.Release|x64.ActiveCfg = Release|x64
		{7F6A7888-0093-43DF-9477-9A5D08C746DA}.Release|x64.Build.0 = Release|x64
		{7F6A7888-0093-43DF-9477-9A5D08C746DA}.Release|x86.ActiveCfg = Release|Win32
		{7F6A7888-0093-43DF-9477-9A5D08C746DA}.Release|x86.Build.0 = Release|Win32
	EndGlobalSection
	GlobalSection(SolutionProperties) = preSolution
		HideSolutionNode = FALSE
	EndGlobalSection
	GlobalSection(ExtensibilityGlobals) = postSolution
		SolutionGuid = {04337053-4C7E-46DF-A44C-01DC89F5AAD5}
	EndGlobalSection
EndGlobal
