
Microsoft Visual Studio Solution File, Format Version 12.00
# Visual Studio Version 17
VisualStudioVersion = 17.2.32602.215
MinimumVisualStudioVersion = 10.0.40219.1
Project("{8BC9CEB8-8B4A-11D0-8D11-00A0C91BC942}") = "Exercise4", "Exercise4.vcxproj", "{AB9B3466-F907-4411-88A2-0DB44EC101CB}"
EndProject
Global
	GlobalSection(SolutionConfigurationPlatforms) = preSolution
		Debug|x64 = Debug|x64
		Debug|x86 = Debug|x86
		Release|x64 = Release|x64
		Release|x86 = Release|x86
	EndGlobalSection
	GlobalSection(ProjectConfigurationPlatforms) = postSolution
		{AB9B3466-F907-4411-88A2-0DB44EC101CB}.Debug|x64.ActiveCfg = Debug|x64
		{AB9B3466-F907-4411-88A2-0DB44EC101CB}.Debug|x64.Build.0 = Debug|x64
		{AB9B3466-F907-4411-88A2-0DB44EC101CB}.Debug|x86.ActiveCfg = Debug|Win32
		{AB9B3466-F907-4411-88A2-0DB44EC101CB}.Debug|x86.Build.0 = Debug|Win32
		{AB9B3466-F907-4411-88A2-0DB44EC101CB}.Release|x64.ActiveCfg = Release|x64
		{AB9B3466-F907-4411-88A2-0DB44EC101CB}.Release|x64.Build.0 = Release|x64
		{AB9B3466-F907-4411-88A2-0DB44EC101CB}.Release|x86.ActiveCfg = Release|Win32
		{AB9B3466-F907-4411-88A2-0DB44EC101CB}.Release|x86.Build.0 = Release|Win32
	EndGlobalSection
	GlobalSection(SolutionProperties) = preSolution
		HideSolutionNode = FALSE
	EndGlobalSection
	GlobalSection(ExtensibilityGlobals) = postSolution
		SolutionGuid = {5FDCB055-FF8C-4C9C-8937-5B95C092B61E}
	EndGlobalSection
EndGlobal
