
Microsoft Visual Studio Solution File, Format Version 12.00
# Visual Studio Version 17
VisualStudioVersion = 17.2.32602.215
MinimumVisualStudioVersion = 10.0.40219.1
Project("{8BC9CEB8-8B4A-11D0-8D11-00A0C91BC942}") = "Exercise2", "Exercise2.vcxproj", "{9A89E101-AF9C-4656-BDBC-8F52A904992D}"
EndProject
Global
	GlobalSection(SolutionConfigurationPlatforms) = preSolution
		Debug|x64 = Debug|x64
		Debug|x86 = Debug|x86
		Release|x64 = Release|x64
		Release|x86 = Release|x86
	EndGlobalSection
	GlobalSection(ProjectConfigurationPlatforms) = postSolution
		{9A89E101-AF9C-4656-BDBC-8F52A904992D}.Debug|x64.ActiveCfg = Debug|x64
		{9A89E101-AF9C-4656-BDBC-8F52A904992D}.Debug|x64.Build.0 = Debug|x64
		{9A89E101-AF9C-4656-BDBC-8F52A904992D}.Debug|x86.ActiveCfg = Debug|Win32
		{9A89E101-AF9C-4656-BDBC-8F52A904992D}.Debug|x86.Build.0 = Debug|Win32
		{9A89E101-AF9C-4656-BDBC-8F52A904992D}.Release|x64.ActiveCfg = Release|x64
		{9A89E101-AF9C-4656-BDBC-8F52A904992D}.Release|x64.Build.0 = Release|x64
		{9A89E101-AF9C-4656-BDBC-8F52A904992D}.Release|x86.ActiveCfg = Release|Win32
		{9A89E101-AF9C-4656-BDBC-8F52A904992D}.Release|x86.Build.0 = Release|Win32
	EndGlobalSection
	GlobalSection(SolutionProperties) = preSolution
		HideSolutionNode = FALSE
	EndGlobalSection
	GlobalSection(ExtensibilityGlobals) = postSolution
		SolutionGuid = {7A8E52B4-D12D-4FF1-AD2F-51A5636F8A84}
	EndGlobalSection
EndGlobal
